
Microsoft Visual Studio Solution File, Format Version 12.00
# Visual Studio Version 17
VisualStudioVersion = 17.14.36915.13 d17.14
MinimumVisualStudioVersion = 10.0.40219.1
Project("{FAE04EC0-301F-11D3-BF4B-00C04F79EFBC}") = "Phase2", "Phase2.csproj", "{2BED6CA4-A4FA-42D4-B8DA-17BE0A795341}"
EndProject
Global
	GlobalSection(SolutionConfigurationPlatforms) = preSolution
		Debug|Any CPU = Debug|Any CPU
		Release|Any CPU = Release|Any CPU
	EndGlobalSection
	GlobalSection(ProjectConfigurationPlatforms) = postSolution
		{2BED6CA4-A4FA-42D4-B8DA-17BE0A795341}.Debug|Any CPU.ActiveCfg = Debug|Any CPU
		{2BED6CA4-A4FA-42D4-B8DA-17BE0A795341}.Debug|Any CPU.Build.0 = Debug|Any CPU
		{2BED6CA4-A4FA-42D4-B8DA-17BE0A795341}.Release|Any CPU.ActiveCfg = Release|Any CPU
		{2BED6CA4-A4FA-42D4-B8DA-17BE0A795341}.Release|Any CPU.Build.0 = Release|Any CPU
	EndGlobalSection
	GlobalSection(SolutionProperties) = preSolution
		HideSolutionNode = FALSE
	EndGlobalSection
	GlobalSection(ExtensibilityGlobals) = postSolution
		SolutionGuid = {F0B53351-5299-4FD1-BD27-F1BAC78FC1E3}
	EndGlobalSection
EndGlobal
